
Microsoft Visual Studio Solution File, Format Version 12.00
# Visual Studio 2013
VisualStudioVersion = 12.0.21005.1
MinimumVisualStudioVersion = 10.0.40219.1
Project("{FAE04EC0-301F-11D3-BF4B-00C04F79EFBC}") = "SiteParse", "SiteParse\SiteParse.csproj", "{34C3BBFD-5ED7-4ADC-BEBF-32B3B3BBB100}"
EndProject
Project("{FAE04EC0-301F-11D3-BF4B-00C04F79EFBC}") = "Tools", "Tools\Tools.csproj", "{829E6AB4-7D35-413C-8D19-100CD28DCFBD}"
EndProject
Project("{FAE04EC0-301F-11D3-BF4B-00C04F79EFBC}") = "InsertService", "InsertService\InsertService.csproj", "{8F3FD684-CBE8-4982-8EFF-E01DA0A5244C}"
EndProject
Global
	GlobalSection(SolutionConfigurationPlatforms) = preSolution
		Debug|Any CPU = Debug|Any CPU
		Release|Any CPU = Release|Any CPU
	EndGlobalSection
	GlobalSection(ProjectConfigurationPlatforms) = postSolution
		{34C3BBFD-5ED7-4ADC-BEBF-32B3B3BBB100}.Debug|Any CPU.ActiveCfg = Debug|Any CPU
		{34C3BBFD-5ED7-4ADC-BEBF-32B3B3BBB100}.Debug|Any CPU.Build.0 = Debug|Any CPU
		{34C3BBFD-5ED7-4ADC-BEBF-32B3B3BBB100}.Release|Any CPU.ActiveCfg = Release|Any CPU
		{34C3BBFD-5ED7-4ADC-BEBF-32B3B3BBB100}.Release|Any CPU.Build.0 = Release|Any CPU
		{829E6AB4-7D35-413C-8D19-100CD28DCFBD}.Debug|Any CPU.ActiveCfg = Debug|Any CPU
		{829E6AB4-7D35-413C-8D19-100CD28DCFBD}.Debug|Any CPU.Build.0 = Debug|Any CPU
		{829E6AB4-7D35-413C-8D19-100CD28DCFBD}.Release|Any CPU.ActiveCfg = Release|Any CPU
		{829E6AB4-7D35-413C-8D19-100CD28DCFBD}.Release|Any CPU.Build.0 = Release|Any CPU
		{8F3FD684-CBE8-4982-8EFF-E01DA0A5244C}.Debug|Any CPU.ActiveCfg = Debug|Any CPU
		{8F3FD684-CBE8-4982-8EFF-E01DA0A5244C}.Debug|Any CPU.Build.0 = Debug|Any CPU
		{8F3FD684-CBE8-4982-8EFF-E01DA0A5244C}.Release|Any CPU.ActiveCfg = Release|Any CPU
		{8F3FD684-CBE8-4982-8EFF-E01DA0A5244C}.Release|Any CPU.Build.0 = Release|Any CPU
	EndGlobalSection
	GlobalSection(SolutionProperties) = preSolution
		HideSolutionNode = FALSE
	EndGlobalSection
EndGlobal
